
Microsoft Visual Studio Solution File, Format Version 12.00
# Visual Studio 15
VisualStudioVersion = 15.0.27130.2027
MinimumVisualStudioVersion = 10.0.40219.1
Project("{FAE04EC0-301F-11D3-BF4B-00C04F79EFBC}") = "Курсач", "Курсач\Курсач.csproj", "{D8769A2F-643F-4C18-8A35-618DE708193F}"
EndProject
Global
	GlobalSection(SolutionConfigurationPlatforms) = preSolution
		Debug|Any CPU = Debug|Any CPU
		Release|Any CPU = Release|Any CPU
	EndGlobalSection
	GlobalSection(ProjectConfigurationPlatforms) = postSolution
		{D8769A2F-643F-4C18-8A35-618DE708193F}.Debug|Any CPU.ActiveCfg = Debug|Any CPU
		{D8769A2F-643F-4C18-8A35-618DE708193F}.Debug|Any CPU.Build.0 = Debug|Any CPU
		{D8769A2F-643F-4C18-8A35-618DE708193F}.Release|Any CPU.ActiveCfg = Release|Any CPU
		{D8769A2F-643F-4C18-8A35-618DE708193F}.Release|Any CPU.Build.0 = Release|Any CPU
	EndGlobalSection
	GlobalSection(SolutionProperties) = preSolution
		HideSolutionNode = FALSE
	EndGlobalSection
	GlobalSection(ExtensibilityGlobals) = postSolution
		SolutionGuid = {C11D80FB-9B29-4003-BCC6-B7AE0D874737}
	EndGlobalSection
EndGlobal
