
Microsoft Visual Studio Solution File, Format Version 12.00
# Visual Studio 15
VisualStudioVersion = 15.0.28010.2046
MinimumVisualStudioVersion = 10.0.40219.1
Project("{8BC9CEB8-8B4A-11D0-8D11-00A0C91BC942}") = "InternerCourses.AaDS", "InternerCourses.AaDS\InternerCourses.AaDS.vcxproj", "{46225F84-A9B6-462A-B49E-651207ED4C77}"
EndProject
Project("{8BC9CEB8-8B4A-11D0-8D11-00A0C91BC942}") = "Week.1", "Week.1\Weak.1.vcxproj", "{B2C8A03B-67D5-4019-BE27-F392621F23A3}"
EndProject
Project("{8BC9CEB8-8B4A-11D0-8D11-00A0C91BC942}") = "Week.2", "Week.2\Weak.2.vcxproj", "{DE4B8A99-57FA-4D91-8CA0-F93DD443EB0F}"
EndProject
Project("{8BC9CEB8-8B4A-11D0-8D11-00A0C91BC942}") = "Week.3", "Week.3\Weak.3.vcxproj", "{281A7ED8-83F1-4D44-BFF9-440FC034B5A9}"
EndProject
Project("{8BC9CEB8-8B4A-11D0-8D11-00A0C91BC942}") = "Week.4", "Week.4\Weak.4.vcxproj", "{9180EC43-E75E-4092-B2AA-625CACCF487B}"
EndProject
Project("{8BC9CEB8-8B4A-11D0-8D11-00A0C91BC942}") = "Week.5", "Week.5\Weak.5.vcxproj", "{11032B71-0DD3-4004-8D83-4E8088AAB464}"
EndProject
Project("{8BC9CEB8-8B4A-11D0-8D11-00A0C91BC942}") = "Week.6", "Week.6\Weak.6.vcxproj", "{AFFC7AB9-1797-498D-9637-5DA856001A51}"
EndProject
Project("{8BC9CEB8-8B4A-11D0-8D11-00A0C91BC942}") = "Week.7", "Week.7\Weak.7.vcxproj", "{C3C484FC-CDE3-490E-886C-8EABCA368303}"
EndProject
Project("{8BC9CEB8-8B4A-11D0-8D11-00A0C91BC942}") = "Week.8", "Week.8\Weak.8.vcxproj", "{F7459373-D44F-49FC-9161-AFAA0402DE8E}"
EndProject
Project("{8BC9CEB8-8B4A-11D0-8D11-00A0C91BC942}") = "Week.9", "Week.9\Week.9.vcxproj", "{70F10BFF-42E1-430D-8A19-8A01C684C9D6}"
EndProject
Project("{8BC9CEB8-8B4A-11D0-8D11-00A0C91BC942}") = "Week.10", "Week.10\Week.10.vcxproj", "{91BDEFB4-4A6B-4944-BAB6-18A4A74C5654}"
EndProject
Global
	GlobalSection(SolutionConfigurationPlatforms) = preSolution
		Debug|Any CPU = Debug|Any CPU
		Debug|x64 = Debug|x64
		Debug|x86 = Debug|x86
		Release|Any CPU = Release|Any CPU
		Release|x64 = Release|x64
		Release|x86 = Release|x86
	EndGlobalSection
	GlobalSection(ProjectConfigurationPlatforms) = postSolution
		{46225F84-A9B6-462A-B49E-651207ED4C77}.Debug|Any CPU.ActiveCfg = Debug|Win32
		{46225F84-A9B6-462A-B49E-651207ED4C77}.Debug|Any CPU.Build.0 = Debug|Win32
		{46225F84-A9B6-462A-B49E-651207ED4C77}.Debug|x64.ActiveCfg = Debug|x64
		{46225F84-A9B6-462A-B49E-651207ED4C77}.Debug|x64.Build.0 = Debug|x64
		{46225F84-A9B6-462A-B49E-651207ED4C77}.Debug|x86.ActiveCfg = Debug|Win32
		{46225F84-A9B6-462A-B49E-651207ED4C77}.Debug|x86.Build.0 = Debug|Win32
		{46225F84-A9B6-462A-B49E-651207ED4C77}.Release|Any CPU.ActiveCfg = Release|Win32
		{46225F84-A9B6-462A-B49E-651207ED4C77}.Release|Any CPU.Build.0 = Release|Win32
		{46225F84-A9B6-462A-B49E-651207ED4C77}.Release|x64.ActiveCfg = Release|x64
		{46225F84-A9B6-462A-B49E-651207ED4C77}.Release|x64.Build.0 = Release|x64
		{46225F84-A9B6-462A-B49E-651207ED4C77}.Release|x86.ActiveCfg = Release|Win32
		{46225F84-A9B6-462A-B49E-651207ED4C77}.Release|x86.Build.0 = Release|Win32
		{B2C8A03B-67D5-4019-BE27-F392621F23A3}.Debug|Any CPU.ActiveCfg = Debug|Win32
		{B2C8A03B-67D5-4019-BE27-F392621F23A3}.Debug|x64.ActiveCfg = Debug|x64
		{B2C8A03B-67D5-4019-BE27-F392621F23A3}.Debug|x64.Build.0 = Debug|x64
		{B2C8A03B-67D5-4019-BE27-F392621F23A3}.Debug|x86.ActiveCfg = Debug|Win32
		{B2C8A03B-67D5-4019-BE27-F392621F23A3}.Debug|x86.Build.0 = Debug|Win32
		{B2C8A03B-67D5-4019-BE27-F392621F23A3}.Release|Any CPU.ActiveCfg = Release|Win32
		{B2C8A03B-67D5-4019-BE27-F392621F23A3}.Release|x64.ActiveCfg = Release|x64
		{B2C8A03B-67D5-4019-BE27-F392621F23A3}.Release|x64.Build.0 = Release|x64
		{B2C8A03B-67D5-4019-BE27-F392621F23A3}.Release|x86.ActiveCfg = Release|Win32
		{B2C8A03B-67D5-4019-BE27-F392621F23A3}.Release|x86.Build.0 = Release|Win32
		{DE4B8A99-57FA-4D91-8CA0-F93DD443EB0F}.Debug|Any CPU.ActiveCfg = Debug|Win32
		{DE4B8A99-57FA-4D91-8CA0-F93DD443EB0F}.Debug|x64.ActiveCfg = Debug|x64
		{DE4B8A99-57FA-4D91-8CA0-F93DD443EB0F}.Debug|x64.Build.0 = Debug|x64
		{DE4B8A99-57FA-4D91-8CA0-F93DD443EB0F}.Debug|x86.ActiveCfg = Debug|Win32
		{DE4B8A99-57FA-4D91-8CA0-F93DD443EB0F}.Debug|x86.Build.0 = Debug|Win32
		{DE4B8A99-57FA-4D91-8CA0-F93DD443EB0F}.Release|Any CPU.ActiveCfg = Release|Win32
		{DE4B8A99-57FA-4D91-8CA0-F93DD443EB0F}.Release|x64.ActiveCfg = Release|x64
		{DE4B8A99-57FA-4D91-8CA0-F93DD443EB0F}.Release|x64.Build.0 = Release|x64
		{DE4B8A99-57FA-4D91-8CA0-F93DD443EB0F}.Release|x86.ActiveCfg = Release|Win32
		{DE4B8A99-57FA-4D91-8CA0-F93DD443EB0F}.Release|x86.Build.0 = Release|Win32
		{281A7ED8-83F1-4D44-BFF9-440FC034B5A9}.Debug|Any CPU.ActiveCfg = Debug|Win32
		{281A7ED8-83F1-4D44-BFF9-440FC034B5A9}.Debug|x64.ActiveCfg = Debug|x64
		{281A7ED8-83F1-4D44-BFF9-440FC034B5A9}.Debug|x64.Build.0 = Debug|x64
		{281A7ED8-83F1-4D44-BFF9-440FC034B5A9}.Debug|x86.ActiveCfg = Debug|Win32
		{281A7ED8-83F1-4D44-BFF9-440FC034B5A9}.Debug|x86.Build.0 = Debug|Win32
		{281A7ED8-83F1-4D44-BFF9-440FC034B5A9}.Release|Any CPU.ActiveCfg = Release|Win32
		{281A7ED8-83F1-4D44-BFF9-440FC034B5A9}.Release|x64.ActiveCfg = Release|x64
		{281A7ED8-83F1-4D44-BFF9-440FC034B5A9}.Release|x64.Build.0 = Release|x64
		{281A7ED8-83F1-4D44-BFF9-440FC034B5A9}.Release|x86.ActiveCfg = Release|Win32
		{281A7ED8-83F1-4D44-BFF9-440FC034B5A9}.Release|x86.Build.0 = Release|Win32
		{9180EC43-E75E-4092-B2AA-625CACCF487B}.Debug|Any CPU.ActiveCfg = Debug|Win32
		{9180EC43-E75E-4092-B2AA-625CACCF487B}.Debug|x64.ActiveCfg = Debug|x64
		{9180EC43-E75E-4092-B2AA-625CACCF487B}.Debug|x64.Build.0 = Debug|x64
		{9180EC43-E75E-4092-B2AA-625CACCF487B}.Debug|x86.ActiveCfg = Debug|Win32
		{9180EC43-E75E-4092-B2AA-625CACCF487B}.Debug|x86.Build.0 = Debug|Win32
		{9180EC43-E75E-4092-B2AA-625CACCF487B}.Release|Any CPU.ActiveCfg = Release|Win32
		{9180EC43-E75E-4092-B2AA-625CACCF487B}.Release|x64.ActiveCfg = Release|x64
		{9180EC43-E75E-4092-B2AA-625CACCF487B}.Release|x64.Build.0 = Release|x64
		{9180EC43-E75E-4092-B2AA-625CACCF487B}.Release|x86.ActiveCfg = Release|Win32
		{9180EC43-E75E-4092-B2AA-625CACCF487B}.Release|x86.Build.0 = Release|Win32
		{11032B71-0DD3-4004-8D83-4E8088AAB464}.Debug|Any CPU.ActiveCfg = Debug|Win32
		{11032B71-0DD3-4004-8D83-4E8088AAB464}.Debug|x64.ActiveCfg = Debug|x64
		{11032B71-0DD3-4004-8D83-4E8088AAB464}.Debug|x64.Build.0 = Debug|x64
		{11032B71-0DD3-4004-8D83-4E8088AAB464}.Debug|x86.ActiveCfg = Debug|Win32
		{11032B71-0DD3-4004-8D83-4E8088AAB464}.Debug|x86.Build.0 = Debug|Win32
		{11032B71-0DD3-4004-8D83-4E8088AAB464}.Release|Any CPU.ActiveCfg = Release|Win32
		{11032B71-0DD3-4004-8D83-4E8088AAB464}.Release|x64.ActiveCfg = Release|x64
		{11032B71-0DD3-4004-8D83-4E8088AAB464}.Release|x64.Build.0 = Release|x64
		{11032B71-0DD3-4004-8D83-4E8088AAB464}.Release|x86.ActiveCfg = Release|Win32
		{11032B71-0DD3-4004-8D83-4E8088AAB464}.Release|x86.Build.0 = Release|Win32
		{AFFC7AB9-1797-498D-9637-5DA856001A51}.Debug|Any CPU.ActiveCfg = Debug|Win32
		{AFFC7AB9-1797-498D-9637-5DA856001A51}.Debug|x64.ActiveCfg = Debug|x64
		{AFFC7AB9-1797-498D-9637-5DA856001A51}.Debug|x64.Build.0 = Debug|x64
		{AFFC7AB9-1797-498D-9637-5DA856001A51}.Debug|x86.ActiveCfg = Debug|Win32
		{AFFC7AB9-1797-498D-9637-5DA856001A51}.Debug|x86.Build.0 = Debug|Win32
		{AFFC7AB9-1797-498D-9637-5DA856001A51}.Release|Any CPU.ActiveCfg = Release|Win32
		{AFFC7AB9-1797-498D-9637-5DA856001A51}.Release|x64.ActiveCfg = Release|x64
		{AFFC7AB9-1797-498D-9637-5DA856001A51}.Release|x64.Build.0 = Release|x64
		{AFFC7AB9-1797-498D-9637-5DA856001A51}.Release|x86.ActiveCfg = Release|Win32
		{AFFC7AB9-1797-498D-9637-5DA856001A51}.Release|x86.Build.0 = Release|Win32
		{C3C484FC-CDE3-490E-886C-8EABCA368303}.Debug|Any CPU.ActiveCfg = Debug|Win32
		{C3C484FC-CDE3-490E-886C-8EABCA368303}.Debug|x64.ActiveCfg = Debug|x64
		{C3C484FC-CDE3-490E-886C-8EABCA368303}.Debug|x64.Build.0 = Debug|x64
		{C3C484FC-CDE3-490E-886C-8EABCA368303}.Debug|x86.ActiveCfg = Debug|Win32
		{C3C484FC-CDE3-490E-886C-8EABCA368303}.Debug|x86.Build.0 = Debug|Win32
		{C3C484FC-CDE3-490E-886C-8EABCA368303}.Release|Any CPU.ActiveCfg = Release|Win32
		{C3C484FC-CDE3-490E-886C-8EABCA368303}.Release|x64.ActiveCfg = Release|x64
		{C3C484FC-CDE3-490E-886C-8EABCA368303}.Release|x64.Build.0 = Release|x64
		{C3C484FC-CDE3-490E-886C-8EABCA368303}.Release|x86.ActiveCfg = Release|Win32
		{C3C484FC-CDE3-490E-886C-8EABCA368303}.Release|x86.Build.0 = Release|Win32
		{F7459373-D44F-49FC-9161-AFAA0402DE8E}.Debug|Any CPU.ActiveCfg = Debug|Win32
		{F7459373-D44F-49FC-9161-AFAA0402DE8E}.Debug|x64.ActiveCfg = Debug|x64
		{F7459373-D44F-49FC-9161-AFAA0402DE8E}.Debug|x64.Build.0 = Debug|x64
		{F7459373-D44F-49FC-9161-AFAA0402DE8E}.Debug|x86.ActiveCfg = Debug|Win32
		{F7459373-D44F-49FC-9161-AFAA0402DE8E}.Debug|x86.Build.0 = Debug|Win32
		{F7459373-D44F-49FC-9161-AFAA0402DE8E}.Release|Any CPU.ActiveCfg = Release|Win32
		{F7459373-D44F-49FC-9161-AFAA0402DE8E}.Release|x64.ActiveCfg = Release|x64
		{F7459373-D44F-49FC-9161-AFAA0402DE8E}.Release|x64.Build.0 = Release|x64
		{F7459373-D44F-49FC-9161-AFAA0402DE8E}.Release|x86.ActiveCfg = Release|Win32
		{F7459373-D44F-49FC-9161-AFAA0402DE8E}.Release|x86.Build.0 = Release|Win32
		{70F10BFF-42E1-430D-8A19-8A01C684C9D6}.Debug|Any CPU.ActiveCfg = Debug|Win32
		{70F10BFF-42E1-430D-8A19-8A01C684C9D6}.Debug|x64.ActiveCfg = Debug|x64
		{70F10BFF-42E1-430D-8A19-8A01C684C9D6}.Debug|x64.Build.0 = Debug|x64
		{70F10BFF-42E1-430D-8A19-8A01C684C9D6}.Debug|x86.ActiveCfg = Debug|Win32
		{70F10BFF-42E1-430D-8A19-8A01C684C9D6}.Debug|x86.Build.0 = Debug|Win32
		{70F10BFF-42E1-430D-8A19-8A01C684C9D6}.Release|Any CPU.ActiveCfg = Release|Win32
		{70F10BFF-42E1-430D-8A19-8A01C684C9D6}.Release|x64.ActiveCfg = Release|x64
		{70F10BFF-42E1-430D-8A19-8A01C684C9D6}.Release|x64.Build.0 = Release|x64
		{70F10BFF-42E1-430D-8A19-8A01C684C9D6}.Release|x86.ActiveCfg = Release|Win32
		{70F10BFF-42E1-430D-8A19-8A01C684C9D6}.Release|x86.Build.0 = Release|Win32
		{91BDEFB4-4A6B-4944-BAB6-18A4A74C5654}.Debug|Any CPU.ActiveCfg = Debug|Win32
		{91BDEFB4-4A6B-4944-BAB6-18A4A74C5654}.Debug|x64.ActiveCfg = Debug|x64
		{91BDEFB4-4A6B-4944-BAB6-18A4A74C5654}.Debug|x64.Build.0 = Debug|x64
		{91BDEFB4-4A6B-4944-BAB6-18A4A74C5654}.Debug|x86.ActiveCfg = Debug|Win32
		{91BDEFB4-4A6B-4944-BAB6-18A4A74C5654}.Debug|x86.Build.0 = Debug|Win32
		{91BDEFB4-4A6B-4944-BAB6-18A4A74C5654}.Release|Any CPU.ActiveCfg = Release|Win32
		{91BDEFB4-4A6B-4944-BAB6-18A4A74C5654}.Release|x64.ActiveCfg = Release|x64
		{91BDEFB4-4A6B-4944-BAB6-18A4A74C5654}.Release|x64.Build.0 = Release|x64
		{91BDEFB4-4A6B-4944-BAB6-18A4A74C5654}.Release|x86.ActiveCfg = Release|Win32
		{91BDEFB4-4A6B-4944-BAB6-18A4A74C5654}.Release|x86.Build.0 = Release|Win32
	EndGlobalSection
	GlobalSection(SolutionProperties) = preSolution
		HideSolutionNode = FALSE
	EndGlobalSection
	GlobalSection(ExtensibilityGlobals) = postSolution
		SolutionGuid = {E8620137-7B45-4628-89F3-57FF4F362564}
	EndGlobalSection
EndGlobal
