
Microsoft Visual Studio Solution File, Format Version 12.00
# Visual Studio 15
VisualStudioVersion = 15.0.28010.2046
MinimumVisualStudioVersion = 10.0.40219.1
Project("{8BC9CEB8-8B4A-11D0-8D11-00A0C91BC942}") = "HSE.AaDS", "HSE.AaDS\HSE.AaDS.vcxproj", "{D5E90304-C305-4F3C-ACED-6FCAB1D6F7E1}"
EndProject
Project("{8BC9CEB8-8B4A-11D0-8D11-00A0C91BC942}") = "Lab.1.Formula", "Lab.1.Formula\Lab.1.Formula.vcxproj", "{125C0CB4-C5D0-4215-9336-A8FB332B93F4}"
EndProject
Project("{8BC9CEB8-8B4A-11D0-8D11-00A0C91BC942}") = "Lab.2.Schedule", "Lab.2.Schedule\Lab.2.Schedule.vcxproj", "{577777EE-7806-4DAC-AD7D-21D6226E00F2}"
EndProject
Project("{8BC9CEB8-8B4A-11D0-8D11-00A0C91BC942}") = "Lab.3.GraphsMax", "Lab.3.GraphsMax\Lab.3.GraphsMax.vcxproj", "{28DF9DEB-7D35-42CA-A406-BA172808E261}"
EndProject
Project("{8BC9CEB8-8B4A-11D0-8D11-00A0C91BC942}") = "Lab.4.Backpack", "Lab.4.Backpack\Lab.4.Backpack.vcxproj", "{07D34D82-B447-4C2F-BE64-1FC369CEA06A}"
EndProject
Global
	GlobalSection(SolutionConfigurationPlatforms) = preSolution
		Debug|x64 = Debug|x64
		Debug|x86 = Debug|x86
		Release|x64 = Release|x64
		Release|x86 = Release|x86
	EndGlobalSection
	GlobalSection(ProjectConfigurationPlatforms) = postSolution
		{D5E90304-C305-4F3C-ACED-6FCAB1D6F7E1}.Debug|x64.ActiveCfg = Debug|x64
		{D5E90304-C305-4F3C-ACED-6FCAB1D6F7E1}.Debug|x64.Build.0 = Debug|x64
		{D5E90304-C305-4F3C-ACED-6FCAB1D6F7E1}.Debug|x86.ActiveCfg = Debug|Win32
		{D5E90304-C305-4F3C-ACED-6FCAB1D6F7E1}.Debug|x86.Build.0 = Debug|Win32
		{D5E90304-C305-4F3C-ACED-6FCAB1D6F7E1}.Release|x64.ActiveCfg = Release|x64
		{D5E90304-C305-4F3C-ACED-6FCAB1D6F7E1}.Release|x64.Build.0 = Release|x64
		{D5E90304-C305-4F3C-ACED-6FCAB1D6F7E1}.Release|x86.ActiveCfg = Release|Win32
		{D5E90304-C305-4F3C-ACED-6FCAB1D6F7E1}.Release|x86.Build.0 = Release|Win32
		{125C0CB4-C5D0-4215-9336-A8FB332B93F4}.Debug|x64.ActiveCfg = Debug|x64
		{125C0CB4-C5D0-4215-9336-A8FB332B93F4}.Debug|x64.Build.0 = Debug|x64
		{125C0CB4-C5D0-4215-9336-A8FB332B93F4}.Debug|x86.ActiveCfg = Debug|Win32
		{125C0CB4-C5D0-4215-9336-A8FB332B93F4}.Debug|x86.Build.0 = Debug|Win32
		{125C0CB4-C5D0-4215-9336-A8FB332B93F4}.Release|x64.ActiveCfg = Release|x64
		{125C0CB4-C5D0-4215-9336-A8FB332B93F4}.Release|x64.Build.0 = Release|x64
		{125C0CB4-C5D0-4215-9336-A8FB332B93F4}.Release|x86.ActiveCfg = Release|Win32
		{125C0CB4-C5D0-4215-9336-A8FB332B93F4}.Release|x86.Build.0 = Release|Win32
		{577777EE-7806-4DAC-AD7D-21D6226E00F2}.Debug|x64.ActiveCfg = Debug|x64
		{577777EE-7806-4DAC-AD7D-21D6226E00F2}.Debug|x64.Build.0 = Debug|x64
		{577777EE-7806-4DAC-AD7D-21D6226E00F2}.Debug|x86.ActiveCfg = Debug|Win32
		{577777EE-7806-4DAC-AD7D-21D6226E00F2}.Debug|x86.Build.0 = Debug|Win32
		{577777EE-7806-4DAC-AD7D-21D6226E00F2}.Release|x64.ActiveCfg = Release|x64
		{577777EE-7806-4DAC-AD7D-21D6226E00F2}.Release|x64.Build.0 = Release|x64
		{577777EE-7806-4DAC-AD7D-21D6226E00F2}.Release|x86.ActiveCfg = Release|Win32
		{577777EE-7806-4DAC-AD7D-21D6226E00F2}.Release|x86.Build.0 = Release|Win32
		{28DF9DEB-7D35-42CA-A406-BA172808E261}.Debug|x64.ActiveCfg = Debug|x64
		{28DF9DEB-7D35-42CA-A406-BA172808E261}.Debug|x64.Build.0 = Debug|x64
		{28DF9DEB-7D35-42CA-A406-BA172808E261}.Debug|x86.ActiveCfg = Debug|Win32
		{28DF9DEB-7D35-42CA-A406-BA172808E261}.Debug|x86.Build.0 = Debug|Win32
		{28DF9DEB-7D35-42CA-A406-BA172808E261}.Release|x64.ActiveCfg = Release|x64
		{28DF9DEB-7D35-42CA-A406-BA172808E261}.Release|x64.Build.0 = Release|x64
		{28DF9DEB-7D35-42CA-A406-BA172808E261}.Release|x86.ActiveCfg = Release|Win32
		{28DF9DEB-7D35-42CA-A406-BA172808E261}.Release|x86.Build.0 = Release|Win32
		{07D34D82-B447-4C2F-BE64-1FC369CEA06A}.Debug|x64.ActiveCfg = Debug|x64
		{07D34D82-B447-4C2F-BE64-1FC369CEA06A}.Debug|x64.Build.0 = Debug|x64
		{07D34D82-B447-4C2F-BE64-1FC369CEA06A}.Debug|x86.ActiveCfg = Debug|Win32
		{07D34D82-B447-4C2F-BE64-1FC369CEA06A}.Debug|x86.Build.0 = Debug|Win32
		{07D34D82-B447-4C2F-BE64-1FC369CEA06A}.Release|x64.ActiveCfg = Release|x64
		{07D34D82-B447-4C2F-BE64-1FC369CEA06A}.Release|x64.Build.0 = Release|x64
		{07D34D82-B447-4C2F-BE64-1FC369CEA06A}.Release|x86.ActiveCfg = Release|Win32
		{07D34D82-B447-4C2F-BE64-1FC369CEA06A}.Release|x86.Build.0 = Release|Win32
	EndGlobalSection
	GlobalSection(SolutionProperties) = preSolution
		HideSolutionNode = FALSE
	EndGlobalSection
	GlobalSection(ExtensibilityGlobals) = postSolution
		SolutionGuid = {4877746F-7387-466B-B6C6-FC2260925934}
	EndGlobalSection
EndGlobal
