
Microsoft Visual Studio Solution File, Format Version 12.00
# Visual Studio 15
VisualStudioVersion = 15.0.28010.2041
MinimumVisualStudioVersion = 10.0.40219.1
Project("{FAE04EC0-301F-11D3-BF4B-00C04F79EFBC}") = "AlgorithmJonson", "SchedulePair\AlgorithmJonson.csproj", "{BB414858-12E0-4448-AB1A-2A17BF9A6B57}"
EndProject
Global
	GlobalSection(SolutionConfigurationPlatforms) = preSolution
		Debug|Any CPU = Debug|Any CPU
		Release|Any CPU = Release|Any CPU
	EndGlobalSection
	GlobalSection(ProjectConfigurationPlatforms) = postSolution
		{BB414858-12E0-4448-AB1A-2A17BF9A6B57}.Debug|Any CPU.ActiveCfg = Debug|Any CPU
		{BB414858-12E0-4448-AB1A-2A17BF9A6B57}.Debug|Any CPU.Build.0 = Debug|Any CPU
		{BB414858-12E0-4448-AB1A-2A17BF9A6B57}.Release|Any CPU.ActiveCfg = Release|Any CPU
		{BB414858-12E0-4448-AB1A-2A17BF9A6B57}.Release|Any CPU.Build.0 = Release|Any CPU
	EndGlobalSection
	GlobalSection(SolutionProperties) = preSolution
		HideSolutionNode = FALSE
	EndGlobalSection
	GlobalSection(ExtensibilityGlobals) = postSolution
		SolutionGuid = {CB61423B-097A-4CA2-8E63-CB59718E46F2}
	EndGlobalSection
EndGlobal
