
Microsoft Visual Studio Solution File, Format Version 12.00
# Visual Studio 15
VisualStudioVersion = 15.0.28010.2046
MinimumVisualStudioVersion = 10.0.40219.1
Project("{FAE04EC0-301F-11D3-BF4B-00C04F79EFBC}") = "HSE.CLab", "HSE.CLab\HSE.CLab.csproj", "{EC1089D3-2D73-4530-AE19-5EBC126DE64A}"
EndProject
Project("{FAE04EC0-301F-11D3-BF4B-00C04F79EFBC}") = "Lab.1", "Lab.1\Lab.1.csproj", "{2F7FD0E9-5A76-41E7-AE3E-BF0775C91A75}"
EndProject
Project("{FAE04EC0-301F-11D3-BF4B-00C04F79EFBC}") = "Lab.2", "Lab.2\Lab.2.csproj", "{BBA7BDD5-B815-424B-9BD8-DDBBAF669B32}"
EndProject
Project("{FAE04EC0-301F-11D3-BF4B-00C04F79EFBC}") = "Lab.3", "Lab.3\Lab.3.csproj", "{357DD603-0E99-49FA-860D-D0B786FC0FB9}"
EndProject
Project("{FAE04EC0-301F-11D3-BF4B-00C04F79EFBC}") = "Lab.4", "Lab.4\Lab.4.csproj", "{D01521A5-428B-4C81-9DF2-15CBEA28D5A8}"
EndProject
Project("{FAE04EC0-301F-11D3-BF4B-00C04F79EFBC}") = "ReadLib", "ReadLib\ReadLib.csproj", "{CB3CA0B2-73C2-40D5-A0A7-D5B1F6832835}"
EndProject
Project("{FAE04EC0-301F-11D3-BF4B-00C04F79EFBC}") = "Lab.5", "Lab.5\Lab.5.csproj", "{579A8A4C-60AE-44BA-8A5E-39E137C20E00}"
EndProject
Project("{FAE04EC0-301F-11D3-BF4B-00C04F79EFBC}") = "Lab.6", "Lab.6\Lab.6.csproj", "{E6D34A2E-E900-441E-8764-E7EFB5CD9DEE}"
EndProject
Project("{FAE04EC0-301F-11D3-BF4B-00C04F79EFBC}") = "Lab.7", "Lab.7\Lab.7.csproj", "{CDB9BD31-63C9-48EB-9A21-5300F25DD839}"
EndProject
Project("{FAE04EC0-301F-11D3-BF4B-00C04F79EFBC}") = "Lab.8", "Lab.8\Lab.8.csproj", "{5A43F8EB-185D-4354-A5C4-B4AB9DAE31EC}"
EndProject
Project("{FAE04EC0-301F-11D3-BF4B-00C04F79EFBC}") = "Lab.10", "Lab.10\Lab.10.csproj", "{49D48AD0-CA2E-4010-8B73-EA259B2F50F7}"
EndProject
Project("{FAE04EC0-301F-11D3-BF4B-00C04F79EFBC}") = "Lab.11", "Lab.11\Lab.11.csproj", "{D78C2D14-9BEC-4CB2-A911-DABAE4FC735D}"
EndProject
Project("{FAE04EC0-301F-11D3-BF4B-00C04F79EFBC}") = "Lab.12", "Lab.12\Lab.12.csproj", "{7373114A-0461-4F0E-8F80-450C0204F7F6}"
EndProject
Project("{FAE04EC0-301F-11D3-BF4B-00C04F79EFBC}") = "Lab.13", "Lab.13\Lab.13.csproj", "{E3572910-E363-4E01-B32C-57D960FC2092}"
EndProject
Project("{FAE04EC0-301F-11D3-BF4B-00C04F79EFBC}") = "Lab.14", "Lab.14\Lab.14.csproj", "{0864923B-DBF0-410D-B0E8-BDF61CAE5414}"
EndProject
Project("{FAE04EC0-301F-11D3-BF4B-00C04F79EFBC}") = "Lab.15", "Lab.15\Lab.15.csproj", "{C0CBA4FF-5397-4EDE-99D3-465E29351111}"
EndProject
Global
	GlobalSection(SolutionConfigurationPlatforms) = preSolution
		Debug|Any CPU = Debug|Any CPU
		Release|Any CPU = Release|Any CPU
	EndGlobalSection
	GlobalSection(ProjectConfigurationPlatforms) = postSolution
		{EC1089D3-2D73-4530-AE19-5EBC126DE64A}.Debug|Any CPU.ActiveCfg = Debug|Any CPU
		{EC1089D3-2D73-4530-AE19-5EBC126DE64A}.Debug|Any CPU.Build.0 = Debug|Any CPU
		{EC1089D3-2D73-4530-AE19-5EBC126DE64A}.Release|Any CPU.ActiveCfg = Release|Any CPU
		{EC1089D3-2D73-4530-AE19-5EBC126DE64A}.Release|Any CPU.Build.0 = Release|Any CPU
		{2F7FD0E9-5A76-41E7-AE3E-BF0775C91A75}.Debug|Any CPU.ActiveCfg = Debug|Any CPU
		{2F7FD0E9-5A76-41E7-AE3E-BF0775C91A75}.Debug|Any CPU.Build.0 = Debug|Any CPU
		{2F7FD0E9-5A76-41E7-AE3E-BF0775C91A75}.Release|Any CPU.ActiveCfg = Release|Any CPU
		{2F7FD0E9-5A76-41E7-AE3E-BF0775C91A75}.Release|Any CPU.Build.0 = Release|Any CPU
		{BBA7BDD5-B815-424B-9BD8-DDBBAF669B32}.Debug|Any CPU.ActiveCfg = Debug|Any CPU
		{BBA7BDD5-B815-424B-9BD8-DDBBAF669B32}.Debug|Any CPU.Build.0 = Debug|Any CPU
		{BBA7BDD5-B815-424B-9BD8-DDBBAF669B32}.Release|Any CPU.ActiveCfg = Release|Any CPU
		{BBA7BDD5-B815-424B-9BD8-DDBBAF669B32}.Release|Any CPU.Build.0 = Release|Any CPU
		{357DD603-0E99-49FA-860D-D0B786FC0FB9}.Debug|Any CPU.ActiveCfg = Debug|Any CPU
		{357DD603-0E99-49FA-860D-D0B786FC0FB9}.Debug|Any CPU.Build.0 = Debug|Any CPU
		{357DD603-0E99-49FA-860D-D0B786FC0FB9}.Release|Any CPU.ActiveCfg = Release|Any CPU
		{357DD603-0E99-49FA-860D-D0B786FC0FB9}.Release|Any CPU.Build.0 = Release|Any CPU
		{D01521A5-428B-4C81-9DF2-15CBEA28D5A8}.Debug|Any CPU.ActiveCfg = Debug|Any CPU
		{D01521A5-428B-4C81-9DF2-15CBEA28D5A8}.Debug|Any CPU.Build.0 = Debug|Any CPU
		{D01521A5-428B-4C81-9DF2-15CBEA28D5A8}.Release|Any CPU.ActiveCfg = Release|Any CPU
		{D01521A5-428B-4C81-9DF2-15CBEA28D5A8}.Release|Any CPU.Build.0 = Release|Any CPU
		{CB3CA0B2-73C2-40D5-A0A7-D5B1F6832835}.Debug|Any CPU.ActiveCfg = Debug|Any CPU
		{CB3CA0B2-73C2-40D5-A0A7-D5B1F6832835}.Debug|Any CPU.Build.0 = Debug|Any CPU
		{CB3CA0B2-73C2-40D5-A0A7-D5B1F6832835}.Release|Any CPU.ActiveCfg = Release|Any CPU
		{CB3CA0B2-73C2-40D5-A0A7-D5B1F6832835}.Release|Any CPU.Build.0 = Release|Any CPU
		{579A8A4C-60AE-44BA-8A5E-39E137C20E00}.Debug|Any CPU.ActiveCfg = Debug|Any CPU
		{579A8A4C-60AE-44BA-8A5E-39E137C20E00}.Debug|Any CPU.Build.0 = Debug|Any CPU
		{579A8A4C-60AE-44BA-8A5E-39E137C20E00}.Release|Any CPU.ActiveCfg = Release|Any CPU
		{579A8A4C-60AE-44BA-8A5E-39E137C20E00}.Release|Any CPU.Build.0 = Release|Any CPU
		{E6D34A2E-E900-441E-8764-E7EFB5CD9DEE}.Debug|Any CPU.ActiveCfg = Debug|Any CPU
		{E6D34A2E-E900-441E-8764-E7EFB5CD9DEE}.Debug|Any CPU.Build.0 = Debug|Any CPU
		{E6D34A2E-E900-441E-8764-E7EFB5CD9DEE}.Release|Any CPU.ActiveCfg = Release|Any CPU
		{E6D34A2E-E900-441E-8764-E7EFB5CD9DEE}.Release|Any CPU.Build.0 = Release|Any CPU
		{CDB9BD31-63C9-48EB-9A21-5300F25DD839}.Debug|Any CPU.ActiveCfg = Debug|Any CPU
		{CDB9BD31-63C9-48EB-9A21-5300F25DD839}.Debug|Any CPU.Build.0 = Debug|Any CPU
		{CDB9BD31-63C9-48EB-9A21-5300F25DD839}.Release|Any CPU.ActiveCfg = Release|Any CPU
		{CDB9BD31-63C9-48EB-9A21-5300F25DD839}.Release|Any CPU.Build.0 = Release|Any CPU
		{5A43F8EB-185D-4354-A5C4-B4AB9DAE31EC}.Debug|Any CPU.ActiveCfg = Debug|Any CPU
		{5A43F8EB-185D-4354-A5C4-B4AB9DAE31EC}.Debug|Any CPU.Build.0 = Debug|Any CPU
		{5A43F8EB-185D-4354-A5C4-B4AB9DAE31EC}.Release|Any CPU.ActiveCfg = Release|Any CPU
		{5A43F8EB-185D-4354-A5C4-B4AB9DAE31EC}.Release|Any CPU.Build.0 = Release|Any CPU
		{49D48AD0-CA2E-4010-8B73-EA259B2F50F7}.Debug|Any CPU.ActiveCfg = Debug|Any CPU
		{49D48AD0-CA2E-4010-8B73-EA259B2F50F7}.Debug|Any CPU.Build.0 = Debug|Any CPU
		{49D48AD0-CA2E-4010-8B73-EA259B2F50F7}.Release|Any CPU.ActiveCfg = Release|Any CPU
		{49D48AD0-CA2E-4010-8B73-EA259B2F50F7}.Release|Any CPU.Build.0 = Release|Any CPU
		{D78C2D14-9BEC-4CB2-A911-DABAE4FC735D}.Debug|Any CPU.ActiveCfg = Debug|Any CPU
		{D78C2D14-9BEC-4CB2-A911-DABAE4FC735D}.Debug|Any CPU.Build.0 = Debug|Any CPU
		{D78C2D14-9BEC-4CB2-A911-DABAE4FC735D}.Release|Any CPU.ActiveCfg = Release|Any CPU
		{D78C2D14-9BEC-4CB2-A911-DABAE4FC735D}.Release|Any CPU.Build.0 = Release|Any CPU
		{7373114A-0461-4F0E-8F80-450C0204F7F6}.Debug|Any CPU.ActiveCfg = Debug|Any CPU
		{7373114A-0461-4F0E-8F80-450C0204F7F6}.Debug|Any CPU.Build.0 = Debug|Any CPU
		{7373114A-0461-4F0E-8F80-450C0204F7F6}.Release|Any CPU.ActiveCfg = Release|Any CPU
		{7373114A-0461-4F0E-8F80-450C0204F7F6}.Release|Any CPU.Build.0 = Release|Any CPU
		{E3572910-E363-4E01-B32C-57D960FC2092}.Debug|Any CPU.ActiveCfg = Debug|Any CPU
		{E3572910-E363-4E01-B32C-57D960FC2092}.Debug|Any CPU.Build.0 = Debug|Any CPU
		{E3572910-E363-4E01-B32C-57D960FC2092}.Release|Any CPU.ActiveCfg = Release|Any CPU
		{E3572910-E363-4E01-B32C-57D960FC2092}.Release|Any CPU.Build.0 = Release|Any CPU
		{0864923B-DBF0-410D-B0E8-BDF61CAE5414}.Debug|Any CPU.ActiveCfg = Debug|Any CPU
		{0864923B-DBF0-410D-B0E8-BDF61CAE5414}.Debug|Any CPU.Build.0 = Debug|Any CPU
		{0864923B-DBF0-410D-B0E8-BDF61CAE5414}.Release|Any CPU.ActiveCfg = Release|Any CPU
		{0864923B-DBF0-410D-B0E8-BDF61CAE5414}.Release|Any CPU.Build.0 = Release|Any CPU
		{C0CBA4FF-5397-4EDE-99D3-465E29351111}.Debug|Any CPU.ActiveCfg = Debug|Any CPU
		{C0CBA4FF-5397-4EDE-99D3-465E29351111}.Debug|Any CPU.Build.0 = Debug|Any CPU
		{C0CBA4FF-5397-4EDE-99D3-465E29351111}.Release|Any CPU.ActiveCfg = Release|Any CPU
		{C0CBA4FF-5397-4EDE-99D3-465E29351111}.Release|Any CPU.Build.0 = Release|Any CPU
	EndGlobalSection
	GlobalSection(SolutionProperties) = preSolution
		HideSolutionNode = FALSE
	EndGlobalSection
	GlobalSection(ExtensibilityGlobals) = postSolution
		SolutionGuid = {22F8600C-E465-4B50-B1D9-1CFF669FC671}
	EndGlobalSection
EndGlobal
