
Microsoft Visual Studio Solution File, Format Version 12.00
# Visual Studio 15
VisualStudioVersion = 15.0.28010.2036
MinimumVisualStudioVersion = 10.0.40219.1
Project("{FAE04EC0-301F-11D3-BF4B-00C04F79EFBC}") = "Schedule_TeamWork", "Schedule_TeamWork\Schedule_TeamWork.csproj", "{1C1F4645-885B-413E-B69E-DFFB55A6E44D}"
EndProject
Global
	GlobalSection(SolutionConfigurationPlatforms) = preSolution
		Debug|Any CPU = Debug|Any CPU
		Release|Any CPU = Release|Any CPU
	EndGlobalSection
	GlobalSection(ProjectConfigurationPlatforms) = postSolution
		{1C1F4645-885B-413E-B69E-DFFB55A6E44D}.Debug|Any CPU.ActiveCfg = Debug|Any CPU
		{1C1F4645-885B-413E-B69E-DFFB55A6E44D}.Debug|Any CPU.Build.0 = Debug|Any CPU
		{1C1F4645-885B-413E-B69E-DFFB55A6E44D}.Release|Any CPU.ActiveCfg = Release|Any CPU
		{1C1F4645-885B-413E-B69E-DFFB55A6E44D}.Release|Any CPU.Build.0 = Release|Any CPU
	EndGlobalSection
	GlobalSection(SolutionProperties) = preSolution
		HideSolutionNode = FALSE
	EndGlobalSection
	GlobalSection(ExtensibilityGlobals) = postSolution
		SolutionGuid = {CD7A9B22-EE16-4F4C-8BC9-87E4112DB6CA}
	EndGlobalSection
EndGlobal
