
Microsoft Visual Studio Solution File, Format Version 12.00
# Visual Studio 15
VisualStudioVersion = 15.0.28307.102
MinimumVisualStudioVersion = 10.0.40219.1
Project("{FAE04EC0-301F-11D3-BF4B-00C04F79EFBC}") = "AaDS.MaxFlow", "AaDS.MaxFlow\AaDS.MaxFlow.csproj", "{3C88FB81-99A5-4451-9888-AA2CD6BE9B86}"
EndProject
Project("{FAE04EC0-301F-11D3-BF4B-00C04F79EFBC}") = "Generator", "Generator\Generator.csproj", "{0FF34150-905C-4AB9-A135-E9A9101E4FD3}"
EndProject
Project("{FAE04EC0-301F-11D3-BF4B-00C04F79EFBC}") = "Graph", "Graph\Graph.csproj", "{851A16ED-365E-467D-AF30-BBF0A113C7D5}"
EndProject
Global
	GlobalSection(SolutionConfigurationPlatforms) = preSolution
		Debug|Any CPU = Debug|Any CPU
		Release|Any CPU = Release|Any CPU
	EndGlobalSection
	GlobalSection(ProjectConfigurationPlatforms) = postSolution
		{3C88FB81-99A5-4451-9888-AA2CD6BE9B86}.Debug|Any CPU.ActiveCfg = Debug|Any CPU
		{3C88FB81-99A5-4451-9888-AA2CD6BE9B86}.Debug|Any CPU.Build.0 = Debug|Any CPU
		{3C88FB81-99A5-4451-9888-AA2CD6BE9B86}.Release|Any CPU.ActiveCfg = Release|Any CPU
		{3C88FB81-99A5-4451-9888-AA2CD6BE9B86}.Release|Any CPU.Build.0 = Release|Any CPU
		{0FF34150-905C-4AB9-A135-E9A9101E4FD3}.Debug|Any CPU.ActiveCfg = Debug|Any CPU
		{0FF34150-905C-4AB9-A135-E9A9101E4FD3}.Debug|Any CPU.Build.0 = Debug|Any CPU
		{0FF34150-905C-4AB9-A135-E9A9101E4FD3}.Release|Any CPU.ActiveCfg = Release|Any CPU
		{0FF34150-905C-4AB9-A135-E9A9101E4FD3}.Release|Any CPU.Build.0 = Release|Any CPU
		{851A16ED-365E-467D-AF30-BBF0A113C7D5}.Debug|Any CPU.ActiveCfg = Debug|Any CPU
		{851A16ED-365E-467D-AF30-BBF0A113C7D5}.Debug|Any CPU.Build.0 = Debug|Any CPU
		{851A16ED-365E-467D-AF30-BBF0A113C7D5}.Release|Any CPU.ActiveCfg = Release|Any CPU
		{851A16ED-365E-467D-AF30-BBF0A113C7D5}.Release|Any CPU.Build.0 = Release|Any CPU
	EndGlobalSection
	GlobalSection(SolutionProperties) = preSolution
		HideSolutionNode = FALSE
	EndGlobalSection
	GlobalSection(ExtensibilityGlobals) = postSolution
		SolutionGuid = {794929FC-0A43-4F4D-A17B-7010E6221C62}
	EndGlobalSection
EndGlobal
