
Microsoft Visual Studio Solution File, Format Version 12.00
# Visual Studio Version 16
VisualStudioVersion = 16.0.28729.10
MinimumVisualStudioVersion = 10.0.40219.1
Project("{FAE04EC0-301F-11D3-BF4B-00C04F79EFBC}") = "Requests", "Session\Requests.csproj", "{29CA30E6-0E1F-4051-AD30-74510492CD04}"
EndProject
Project("{FAE04EC0-301F-11D3-BF4B-00C04F79EFBC}") = "Provider", "Provider\Provider.csproj", "{927137AE-FE0D-4FBB-A0B7-005FF9DB61A2}"
EndProject
Project("{FAE04EC0-301F-11D3-BF4B-00C04F79EFBC}") = "DataManipulation", "DataManipulation\DataManipulation.csproj", "{7BE8F9CA-5B3E-4334-AF4F-7EDA775222FB}"
EndProject
Project("{FAE04EC0-301F-11D3-BF4B-00C04F79EFBC}") = "SmartHouse_Control_Web", "SmartHouse_Control_Web\SmartHouse_Control_Web.csproj", "{FCA27398-099F-49D8-A9C9-2E5E0487666A}"
EndProject
Global
	GlobalSection(SolutionConfigurationPlatforms) = preSolution
		Debug|Any CPU = Debug|Any CPU
		Release|Any CPU = Release|Any CPU
	EndGlobalSection
	GlobalSection(ProjectConfigurationPlatforms) = postSolution
		{29CA30E6-0E1F-4051-AD30-74510492CD04}.Debug|Any CPU.ActiveCfg = Debug|Any CPU
		{29CA30E6-0E1F-4051-AD30-74510492CD04}.Debug|Any CPU.Build.0 = Debug|Any CPU
		{29CA30E6-0E1F-4051-AD30-74510492CD04}.Release|Any CPU.ActiveCfg = Release|Any CPU
		{29CA30E6-0E1F-4051-AD30-74510492CD04}.Release|Any CPU.Build.0 = Release|Any CPU
		{927137AE-FE0D-4FBB-A0B7-005FF9DB61A2}.Debug|Any CPU.ActiveCfg = Debug|Any CPU
		{927137AE-FE0D-4FBB-A0B7-005FF9DB61A2}.Debug|Any CPU.Build.0 = Debug|Any CPU
		{927137AE-FE0D-4FBB-A0B7-005FF9DB61A2}.Release|Any CPU.ActiveCfg = Release|Any CPU
		{927137AE-FE0D-4FBB-A0B7-005FF9DB61A2}.Release|Any CPU.Build.0 = Release|Any CPU
		{7BE8F9CA-5B3E-4334-AF4F-7EDA775222FB}.Debug|Any CPU.ActiveCfg = Debug|Any CPU
		{7BE8F9CA-5B3E-4334-AF4F-7EDA775222FB}.Debug|Any CPU.Build.0 = Debug|Any CPU
		{7BE8F9CA-5B3E-4334-AF4F-7EDA775222FB}.Release|Any CPU.ActiveCfg = Release|Any CPU
		{7BE8F9CA-5B3E-4334-AF4F-7EDA775222FB}.Release|Any CPU.Build.0 = Release|Any CPU
		{FCA27398-099F-49D8-A9C9-2E5E0487666A}.Debug|Any CPU.ActiveCfg = Debug|Any CPU
		{FCA27398-099F-49D8-A9C9-2E5E0487666A}.Debug|Any CPU.Build.0 = Debug|Any CPU
		{FCA27398-099F-49D8-A9C9-2E5E0487666A}.Release|Any CPU.ActiveCfg = Release|Any CPU
		{FCA27398-099F-49D8-A9C9-2E5E0487666A}.Release|Any CPU.Build.0 = Release|Any CPU
	EndGlobalSection
	GlobalSection(SolutionProperties) = preSolution
		HideSolutionNode = FALSE
	EndGlobalSection
	GlobalSection(ExtensibilityGlobals) = postSolution
		SolutionGuid = {7222FD97-EBBD-4C2A-ABA2-C47209702B0F}
	EndGlobalSection
EndGlobal
